// !$*UTF8*$!
{
	archiveVersion = 1;
	classes = {
	};
	objectVersion = 46;
	objects = {

/* Begin PBXBuildFile section */
		079798E420A1ACD800F5B6FE /* ReveseKNode.cpp in Sources */ = {isa = PBXBuildFile; fileRef = 079798E220A1ACD800F5B6FE /* ReveseKNode.cpp */; };
		079798E720A2F22500F5B6FE /* RemoveNoOrderRepeatNode.cpp in Sources */ = {isa = PBXBuildFile; fileRef = 079798E520A2F22400F5B6FE /* RemoveNoOrderRepeatNode.cpp */; };
		079798EA20A3006E00F5B6FE /* RemoveEqualNumNode.cpp in Sources */ = {isa = PBXBuildFile; fileRef = 079798E820A3006E00F5B6FE /* RemoveEqualNumNode.cpp */; };
		07A2FE5B202991C30064C5D6 /* TwoListPlus.cpp in Sources */ = {isa = PBXBuildFile; fileRef = 07A2FE59202991C30064C5D6 /* TwoListPlus.cpp */; };
		07A2FE5E2029AA120064C5D6 /* CrossList.cpp in Sources */ = {isa = PBXBuildFile; fileRef = 07A2FE5C2029AA120064C5D6 /* CrossList.cpp */; };
		07DF609720204FAD00847D82 /* HeapSort.cpp in Sources */ = {isa = PBXBuildFile; fileRef = 07DF609520204FAD00847D82 /* HeapSort.cpp */; };
		07DF609A202068B900847D82 /* QuickSort.cpp in Sources */ = {isa = PBXBuildFile; fileRef = 07DF6098202068B900847D82 /* QuickSort.cpp */; };
		07DF609E2021666700847D82 /* TwoStackSort.cpp in Sources */ = {isa = PBXBuildFile; fileRef = 07DF609C2021666700847D82 /* TwoStackSort.cpp */; };
		07DF60A12021A4D900847D82 /* MaxWindow.cpp in Sources */ = {isa = PBXBuildFile; fileRef = 07DF609F2021A4D900847D82 /* MaxWindow.cpp */; };
		07DF60A52021B95900847D82 /* Node.cpp in Sources */ = {isa = PBXBuildFile; fileRef = 07DF60A32021B95900847D82 /* Node.cpp */; };
		07DF60AD2022D84500847D82 /* SortedListPublicNode.cpp in Sources */ = {isa = PBXBuildFile; fileRef = 07DF60AB2022D84500847D82 /* SortedListPublicNode.cpp */; };
		07DF60B02022E0A300847D82 /* removeListNodeLastK.cpp in Sources */ = {isa = PBXBuildFile; fileRef = 07DF60AE2022E0A300847D82 /* removeListNodeLastK.cpp */; };
		07DF60B32022F4FF00847D82 /* removeMidNode.cpp in Sources */ = {isa = PBXBuildFile; fileRef = 07DF60B12022F4FF00847D82 /* removeMidNode.cpp */; };
		07DF60B9202301BD00847D82 /* RemoveByRatio.cpp in Sources */ = {isa = PBXBuildFile; fileRef = 07DF60B7202301BD00847D82 /* RemoveByRatio.cpp */; };
		07DF60BC202307DE00847D82 /* ReverseList.cpp in Sources */ = {isa = PBXBuildFile; fileRef = 07DF60BA202307DE00847D82 /* ReverseList.cpp */; };
		07DF60BF2024106100847D82 /* JosephusKillOne.cpp in Sources */ = {isa = PBXBuildFile; fileRef = 07DF60BD2024106100847D82 /* JosephusKillOne.cpp */; };
		07DF60C22024378D00847D82 /* IsPalindrome.cpp in Sources */ = {isa = PBXBuildFile; fileRef = 07DF60C02024378D00847D82 /* IsPalindrome.cpp */; };
		07DF60C52024604A00847D82 /* CopyListWithRand.cpp in Sources */ = {isa = PBXBuildFile; fileRef = 07DF60C32024604A00847D82 /* CopyListWithRand.cpp */; };
		07E62D45201B12B000A81145 /* InsertSort.cpp in Sources */ = {isa = PBXBuildFile; fileRef = 07E62D43201B12B000A81145 /* InsertSort.cpp */; };
		07E62D48201B239000A81145 /* MergeSort.cpp in Sources */ = {isa = PBXBuildFile; fileRef = 07E62D46201B239000A81145 /* MergeSort.cpp */; };
		07E62D4B201B293500A81145 /* utils.cpp in Sources */ = {isa = PBXBuildFile; fileRef = 07E62D49201B293500A81145 /* utils.cpp */; };
		7D36AAD61F37789400487213 /* Cat.cpp in Sources */ = {isa = PBXBuildFile; fileRef = 7D36AAD41F37789400487213 /* Cat.cpp */; };
		7D5911A61F20F199002DF19C /* MinStack.cpp in Sources */ = {isa = PBXBuildFile; fileRef = 7D5911A41F20F199002DF19C /* MinStack.cpp */; };
		7D9C98931F337471000856BD /* CatDogQueue.cpp in Sources */ = {isa = PBXBuildFile; fileRef = 7D9C98911F337471000856BD /* CatDogQueue.cpp */; };
		7D9C98961F33747A000856BD /* Pet.cpp in Sources */ = {isa = PBXBuildFile; fileRef = 7D9C98941F33747A000856BD /* Pet.cpp */; };
		7D9C98991F33769C000856BD /* Dog.cpp in Sources */ = {isa = PBXBuildFile; fileRef = 7D9C98971F33769C000856BD /* Dog.cpp */; };
		7DBEB8D51F0FE8AF00463A2C /* main.cpp in Sources */ = {isa = PBXBuildFile; fileRef = 7DBEB8D41F0FE8AF00463A2C /* main.cpp */; };
		7DF9E9BC1F30CC840069B1F5 /* TwoStackQueue.cpp in Sources */ = {isa = PBXBuildFile; fileRef = 7DF9E9BA1F30CC840069B1F5 /* TwoStackQueue.cpp */; };
		7DF9E9BF1F30D6A60069B1F5 /* ReverseStackByRecursion.cpp in Sources */ = {isa = PBXBuildFile; fileRef = 7DF9E9BD1F30D6A60069B1F5 /* ReverseStackByRecursion.cpp */; };
/* End PBXBuildFile section */

/* Begin PBXCopyFilesBuildPhase section */
		7DBEB8CF1F0FE8AF00463A2C /* CopyFiles */ = {
			isa = PBXCopyFilesBuildPhase;
			buildActionMask = 2147483647;
			dstPath = /usr/share/man/man1/;
			dstSubfolderSpec = 0;
			files = (
			);
			runOnlyForDeploymentPostprocessing = 1;
		};
/* End PBXCopyFilesBuildPhase section */

/* Begin PBXFileReference section */
		079798E220A1ACD800F5B6FE /* ReveseKNode.cpp */ = {isa = PBXFileReference; lastKnownFileType = sourcecode.cpp.cpp; path = ReveseKNode.cpp; sourceTree = "<group>"; };
		079798E320A1ACD800F5B6FE /* ReveseKNode.hpp */ = {isa = PBXFileReference; lastKnownFileType = sourcecode.cpp.h; path = ReveseKNode.hpp; sourceTree = "<group>"; };
		079798E520A2F22400F5B6FE /* RemoveNoOrderRepeatNode.cpp */ = {isa = PBXFileReference; lastKnownFileType = sourcecode.cpp.cpp; path = RemoveNoOrderRepeatNode.cpp; sourceTree = "<group>"; };
		079798E620A2F22500F5B6FE /* RemoveNoOrderRepeatNode.hpp */ = {isa = PBXFileReference; lastKnownFileType = sourcecode.cpp.h; path = RemoveNoOrderRepeatNode.hpp; sourceTree = "<group>"; };
		079798E820A3006E00F5B6FE /* RemoveEqualNumNode.cpp */ = {isa = PBXFileReference; lastKnownFileType = sourcecode.cpp.cpp; path = RemoveEqualNumNode.cpp; sourceTree = "<group>"; };
		079798E920A3006E00F5B6FE /* RemoveEqualNumNode.hpp */ = {isa = PBXFileReference; lastKnownFileType = sourcecode.cpp.h; path = RemoveEqualNumNode.hpp; sourceTree = "<group>"; };
		07A2FE59202991C30064C5D6 /* TwoListPlus.cpp */ = {isa = PBXFileReference; lastKnownFileType = sourcecode.cpp.cpp; path = TwoListPlus.cpp; sourceTree = "<group>"; };
		07A2FE5A202991C30064C5D6 /* TwoListPlus.hpp */ = {isa = PBXFileReference; lastKnownFileType = sourcecode.cpp.h; path = TwoListPlus.hpp; sourceTree = "<group>"; };
		07A2FE5C2029AA120064C5D6 /* CrossList.cpp */ = {isa = PBXFileReference; lastKnownFileType = sourcecode.cpp.cpp; path = CrossList.cpp; sourceTree = "<group>"; };
		07A2FE5D2029AA120064C5D6 /* CrossList.hpp */ = {isa = PBXFileReference; lastKnownFileType = sourcecode.cpp.h; path = CrossList.hpp; sourceTree = "<group>"; };
		07DF609520204FAD00847D82 /* HeapSort.cpp */ = {isa = PBXFileReference; lastKnownFileType = sourcecode.cpp.cpp; path = HeapSort.cpp; sourceTree = "<group>"; };
		07DF609620204FAD00847D82 /* HeapSort.hpp */ = {isa = PBXFileReference; lastKnownFileType = sourcecode.cpp.h; path = HeapSort.hpp; sourceTree = "<group>"; };
		07DF6098202068B900847D82 /* QuickSort.cpp */ = {isa = PBXFileReference; lastKnownFileType = sourcecode.cpp.cpp; path = QuickSort.cpp; sourceTree = "<group>"; };
		07DF6099202068B900847D82 /* QuickSort.hpp */ = {isa = PBXFileReference; lastKnownFileType = sourcecode.cpp.h; path = QuickSort.hpp; sourceTree = "<group>"; };
		07DF609C2021666700847D82 /* TwoStackSort.cpp */ = {isa = PBXFileReference; lastKnownFileType = sourcecode.cpp.cpp; path = TwoStackSort.cpp; sourceTree = "<group>"; };
		07DF609D2021666700847D82 /* TwoStackSort.hpp */ = {isa = PBXFileReference; lastKnownFileType = sourcecode.cpp.h; path = TwoStackSort.hpp; sourceTree = "<group>"; };
		07DF609F2021A4D900847D82 /* MaxWindow.cpp */ = {isa = PBXFileReference; lastKnownFileType = sourcecode.cpp.cpp; path = MaxWindow.cpp; sourceTree = "<group>"; };
		07DF60A02021A4D900847D82 /* MaxWindow.hpp */ = {isa = PBXFileReference; lastKnownFileType = sourcecode.cpp.h; path = MaxWindow.hpp; sourceTree = "<group>"; };
		07DF60A32021B95900847D82 /* Node.cpp */ = {isa = PBXFileReference; lastKnownFileType = sourcecode.cpp.cpp; path = Node.cpp; sourceTree = "<group>"; };
		07DF60A42021B95900847D82 /* Node.hpp */ = {isa = PBXFileReference; lastKnownFileType = sourcecode.cpp.h; path = Node.hpp; sourceTree = "<group>"; };
		07DF60AB2022D84500847D82 /* SortedListPublicNode.cpp */ = {isa = PBXFileReference; lastKnownFileType = sourcecode.cpp.cpp; path = SortedListPublicNode.cpp; sourceTree = "<group>"; };
		07DF60AC2022D84500847D82 /* SortedListPublicNode.hpp */ = {isa = PBXFileReference; lastKnownFileType = sourcecode.cpp.h; path = SortedListPublicNode.hpp; sourceTree = "<group>"; };
		07DF60AE2022E0A300847D82 /* removeListNodeLastK.cpp */ = {isa = PBXFileReference; lastKnownFileType = sourcecode.cpp.cpp; path = removeListNodeLastK.cpp; sourceTree = "<group>"; };
		07DF60AF2022E0A300847D82 /* removeListNodeLastK.hpp */ = {isa = PBXFileReference; lastKnownFileType = sourcecode.cpp.h; path = removeListNodeLastK.hpp; sourceTree = "<group>"; };
		07DF60B12022F4FF00847D82 /* removeMidNode.cpp */ = {isa = PBXFileReference; lastKnownFileType = sourcecode.cpp.cpp; path = removeMidNode.cpp; sourceTree = "<group>"; };
		07DF60B22022F4FF00847D82 /* removeMidNode.hpp */ = {isa = PBXFileReference; lastKnownFileType = sourcecode.cpp.h; path = removeMidNode.hpp; sourceTree = "<group>"; };
		07DF60B7202301BD00847D82 /* RemoveByRatio.cpp */ = {isa = PBXFileReference; lastKnownFileType = sourcecode.cpp.cpp; path = RemoveByRatio.cpp; sourceTree = "<group>"; };
		07DF60B8202301BD00847D82 /* RemoveByRatio.hpp */ = {isa = PBXFileReference; lastKnownFileType = sourcecode.cpp.h; path = RemoveByRatio.hpp; sourceTree = "<group>"; };
		07DF60BA202307DE00847D82 /* ReverseList.cpp */ = {isa = PBXFileReference; lastKnownFileType = sourcecode.cpp.cpp; path = ReverseList.cpp; sourceTree = "<group>"; };
		07DF60BB202307DE00847D82 /* ReverseList.hpp */ = {isa = PBXFileReference; lastKnownFileType = sourcecode.cpp.h; path = ReverseList.hpp; sourceTree = "<group>"; };
		07DF60BD2024106100847D82 /* JosephusKillOne.cpp */ = {isa = PBXFileReference; lastKnownFileType = sourcecode.cpp.cpp; path = JosephusKillOne.cpp; sourceTree = "<group>"; };
		07DF60BE2024106100847D82 /* JosephusKillOne.hpp */ = {isa = PBXFileReference; lastKnownFileType = sourcecode.cpp.h; path = JosephusKillOne.hpp; sourceTree = "<group>"; };
		07DF60C02024378D00847D82 /* IsPalindrome.cpp */ = {isa = PBXFileReference; lastKnownFileType = sourcecode.cpp.cpp; path = IsPalindrome.cpp; sourceTree = "<group>"; };
		07DF60C12024378D00847D82 /* IsPalindrome.hpp */ = {isa = PBXFileReference; lastKnownFileType = sourcecode.cpp.h; path = IsPalindrome.hpp; sourceTree = "<group>"; };
		07DF60C32024604A00847D82 /* CopyListWithRand.cpp */ = {isa = PBXFileReference; lastKnownFileType = sourcecode.cpp.cpp; path = CopyListWithRand.cpp; sourceTree = "<group>"; };
		07DF60C42024604A00847D82 /* CopyListWithRand.hpp */ = {isa = PBXFileReference; lastKnownFileType = sourcecode.cpp.h; path = CopyListWithRand.hpp; sourceTree = "<group>"; };
		07E62D43201B12B000A81145 /* InsertSort.cpp */ = {isa = PBXFileReference; lastKnownFileType = sourcecode.cpp.cpp; path = InsertSort.cpp; sourceTree = "<group>"; };
		07E62D44201B12B000A81145 /* InsertSort.hpp */ = {isa = PBXFileReference; lastKnownFileType = sourcecode.cpp.h; path = InsertSort.hpp; sourceTree = "<group>"; };
		07E62D46201B239000A81145 /* MergeSort.cpp */ = {isa = PBXFileReference; lastKnownFileType = sourcecode.cpp.cpp; path = MergeSort.cpp; sourceTree = "<group>"; };
		07E62D47201B239000A81145 /* MergeSort.hpp */ = {isa = PBXFileReference; lastKnownFileType = sourcecode.cpp.h; path = MergeSort.hpp; sourceTree = "<group>"; };
		07E62D49201B293500A81145 /* utils.cpp */ = {isa = PBXFileReference; lastKnownFileType = sourcecode.cpp.cpp; path = utils.cpp; sourceTree = "<group>"; };
		07E62D4A201B293500A81145 /* utils.hpp */ = {isa = PBXFileReference; lastKnownFileType = sourcecode.cpp.h; path = utils.hpp; sourceTree = "<group>"; };
		7D36AAD41F37789400487213 /* Cat.cpp */ = {isa = PBXFileReference; fileEncoding = 4; lastKnownFileType = sourcecode.cpp.cpp; path = Cat.cpp; sourceTree = "<group>"; };
		7D36AAD51F37789400487213 /* Cat.hpp */ = {isa = PBXFileReference; fileEncoding = 4; lastKnownFileType = sourcecode.cpp.h; path = Cat.hpp; sourceTree = "<group>"; };
		7D5911A41F20F199002DF19C /* MinStack.cpp */ = {isa = PBXFileReference; fileEncoding = 4; lastKnownFileType = sourcecode.cpp.cpp; path = MinStack.cpp; sourceTree = "<group>"; };
		7D5911A51F20F199002DF19C /* MinStack.hpp */ = {isa = PBXFileReference; fileEncoding = 4; lastKnownFileType = sourcecode.cpp.h; path = MinStack.hpp; sourceTree = "<group>"; };
		7D9C98911F337471000856BD /* CatDogQueue.cpp */ = {isa = PBXFileReference; fileEncoding = 4; lastKnownFileType = sourcecode.cpp.cpp; path = CatDogQueue.cpp; sourceTree = "<group>"; };
		7D9C98921F337471000856BD /* CatDogQueue.hpp */ = {isa = PBXFileReference; fileEncoding = 4; lastKnownFileType = sourcecode.cpp.h; path = CatDogQueue.hpp; sourceTree = "<group>"; };
		7D9C98941F33747A000856BD /* Pet.cpp */ = {isa = PBXFileReference; fileEncoding = 4; lastKnownFileType = sourcecode.cpp.cpp; path = Pet.cpp; sourceTree = "<group>"; };
		7D9C98951F33747A000856BD /* Pet.hpp */ = {isa = PBXFileReference; fileEncoding = 4; lastKnownFileType = sourcecode.cpp.h; path = Pet.hpp; sourceTree = "<group>"; };
		7D9C98971F33769C000856BD /* Dog.cpp */ = {isa = PBXFileReference; fileEncoding = 4; lastKnownFileType = sourcecode.cpp.cpp; path = Dog.cpp; sourceTree = "<group>"; };
		7D9C98981F33769C000856BD /* Dog.hpp */ = {isa = PBXFileReference; fileEncoding = 4; lastKnownFileType = sourcecode.cpp.h; path = Dog.hpp; sourceTree = "<group>"; };
		7DBEB8D11F0FE8AF00463A2C /* Algorith_cpp */ = {isa = PBXFileReference; explicitFileType = "compiled.mach-o.executable"; includeInIndex = 0; path = Algorith_cpp; sourceTree = BUILT_PRODUCTS_DIR; };
		7DBEB8D41F0FE8AF00463A2C /* main.cpp */ = {isa = PBXFileReference; lastKnownFileType = sourcecode.cpp.cpp; path = main.cpp; sourceTree = "<group>"; };
		7DF9E9BA1F30CC840069B1F5 /* TwoStackQueue.cpp */ = {isa = PBXFileReference; fileEncoding = 4; lastKnownFileType = sourcecode.cpp.cpp; path = TwoStackQueue.cpp; sourceTree = "<group>"; };
		7DF9E9BB1F30CC840069B1F5 /* TwoStackQueue.hpp */ = {isa = PBXFileReference; fileEncoding = 4; lastKnownFileType = sourcecode.cpp.h; path = TwoStackQueue.hpp; sourceTree = "<group>"; };
		7DF9E9BD1F30D6A60069B1F5 /* ReverseStackByRecursion.cpp */ = {isa = PBXFileReference; fileEncoding = 4; lastKnownFileType = sourcecode.cpp.cpp; path = ReverseStackByRecursion.cpp; sourceTree = "<group>"; };
		7DF9E9BE1F30D6A60069B1F5 /* ReverseStackByRecursion.hpp */ = {isa = PBXFileReference; fileEncoding = 4; lastKnownFileType = sourcecode.cpp.h; path = ReverseStackByRecursion.hpp; sourceTree = "<group>"; };
/* End PBXFileReference section */

/* Begin PBXFrameworksBuildPhase section */
		7DBEB8CE1F0FE8AF00463A2C /* Frameworks */ = {
			isa = PBXFrameworksBuildPhase;
			buildActionMask = 2147483647;
			files = (
			);
			runOnlyForDeploymentPostprocessing = 0;
		};
/* End PBXFrameworksBuildPhase section */

/* Begin PBXGroup section */
		07DF609B2021664600847D82 /* Stack */ = {
			isa = PBXGroup;
			children = (
				07DF609C2021666700847D82 /* TwoStackSort.cpp */,
				07DF609D2021666700847D82 /* TwoStackSort.hpp */,
				07DF609F2021A4D900847D82 /* MaxWindow.cpp */,
				07DF60A02021A4D900847D82 /* MaxWindow.hpp */,
			);
			path = Stack;
			sourceTree = "<group>";
		};
		07DF60A22021B92A00847D82 /* Link */ = {
			isa = PBXGroup;
			children = (
				07DF60A32021B95900847D82 /* Node.cpp */,
				07DF60A42021B95900847D82 /* Node.hpp */,
				07DF60AB2022D84500847D82 /* SortedListPublicNode.cpp */,
				07DF60AC2022D84500847D82 /* SortedListPublicNode.hpp */,
				07DF60AE2022E0A300847D82 /* removeListNodeLastK.cpp */,
				07DF60AF2022E0A300847D82 /* removeListNodeLastK.hpp */,
				07DF60B12022F4FF00847D82 /* removeMidNode.cpp */,
				07DF60B22022F4FF00847D82 /* removeMidNode.hpp */,
				07DF60B7202301BD00847D82 /* RemoveByRatio.cpp */,
				07DF60B8202301BD00847D82 /* RemoveByRatio.hpp */,
				07DF60BA202307DE00847D82 /* ReverseList.cpp */,
				07DF60BB202307DE00847D82 /* ReverseList.hpp */,
				07DF60BD2024106100847D82 /* JosephusKillOne.cpp */,
				07DF60BE2024106100847D82 /* JosephusKillOne.hpp */,
				07DF60C02024378D00847D82 /* IsPalindrome.cpp */,
				07DF60C12024378D00847D82 /* IsPalindrome.hpp */,
				07DF60C32024604A00847D82 /* CopyListWithRand.cpp */,
				07DF60C42024604A00847D82 /* CopyListWithRand.hpp */,
				07A2FE59202991C30064C5D6 /* TwoListPlus.cpp */,
				07A2FE5A202991C30064C5D6 /* TwoListPlus.hpp */,
				07A2FE5C2029AA120064C5D6 /* CrossList.cpp */,
				07A2FE5D2029AA120064C5D6 /* CrossList.hpp */,
				079798E220A1ACD800F5B6FE /* ReveseKNode.cpp */,
				079798E320A1ACD800F5B6FE /* ReveseKNode.hpp */,
				079798E520A2F22400F5B6FE /* RemoveNoOrderRepeatNode.cpp */,
				079798E620A2F22500F5B6FE /* RemoveNoOrderRepeatNode.hpp */,
				079798E820A3006E00F5B6FE /* RemoveEqualNumNode.cpp */,
				079798E920A3006E00F5B6FE /* RemoveEqualNumNode.hpp */,
			);
			path = Link;
			sourceTree = "<group>";
		};
		07E62D40201B124E00A81145 /* Sort */ = {
			isa = PBXGroup;
			children = (
				07E62D43201B12B000A81145 /* InsertSort.cpp */,
				07E62D44201B12B000A81145 /* InsertSort.hpp */,
				07E62D46201B239000A81145 /* MergeSort.cpp */,
				07E62D47201B239000A81145 /* MergeSort.hpp */,
				07DF609520204FAD00847D82 /* HeapSort.cpp */,
				07DF609620204FAD00847D82 /* HeapSort.hpp */,
				07DF6098202068B900847D82 /* QuickSort.cpp */,
				07DF6099202068B900847D82 /* QuickSort.hpp */,
			);
			path = Sort;
			sourceTree = "<group>";
		};
		7D9C98901F337471000856BD /* CatDogQueueAbout */ = {
			isa = PBXGroup;
			children = (
				7D9C98911F337471000856BD /* CatDogQueue.cpp */,
				7D9C98921F337471000856BD /* CatDogQueue.hpp */,
				7D9C98941F33747A000856BD /* Pet.cpp */,
				7D9C98951F33747A000856BD /* Pet.hpp */,
				7D9C98971F33769C000856BD /* Dog.cpp */,
				7D9C98981F33769C000856BD /* Dog.hpp */,
				7D36AAD41F37789400487213 /* Cat.cpp */,
				7D36AAD51F37789400487213 /* Cat.hpp */,
			);
			path = CatDogQueueAbout;
			sourceTree = "<group>";
		};
		7DBEB8C81F0FE8AF00463A2C = {
			isa = PBXGroup;
			children = (
				7DBEB8D31F0FE8AF00463A2C /* Algorith_cpp */,
				7DBEB8D21F0FE8AF00463A2C /* Products */,
			);
			sourceTree = "<group>";
		};
		7DBEB8D21F0FE8AF00463A2C /* Products */ = {
			isa = PBXGroup;
			children = (
				7DBEB8D11F0FE8AF00463A2C /* Algorith_cpp */,
			);
			name = Products;
			sourceTree = "<group>";
		};
		7DBEB8D31F0FE8AF00463A2C /* Algorith_cpp */ = {
			isa = PBXGroup;
			children = (
				07DF60A22021B92A00847D82 /* Link */,
				07DF609B2021664600847D82 /* Stack */,
				07E62D40201B124E00A81145 /* Sort */,
				7D9C98901F337471000856BD /* CatDogQueueAbout */,
				7DBEB8D41F0FE8AF00463A2C /* main.cpp */,
				7DF9E9BD1F30D6A60069B1F5 /* ReverseStackByRecursion.cpp */,
				7DF9E9BE1F30D6A60069B1F5 /* ReverseStackByRecursion.hpp */,
				7DF9E9BA1F30CC840069B1F5 /* TwoStackQueue.cpp */,
				7DF9E9BB1F30CC840069B1F5 /* TwoStackQueue.hpp */,
				7D5911A41F20F199002DF19C /* MinStack.cpp */,
				7D5911A51F20F199002DF19C /* MinStack.hpp */,
				07E62D49201B293500A81145 /* utils.cpp */,
				07E62D4A201B293500A81145 /* utils.hpp */,
			);
			path = Algorith_cpp;
			sourceTree = "<group>";
		};
/* End PBXGroup section */

/* Begin PBXNativeTarget section */
		7DBEB8D01F0FE8AF00463A2C /* Algorith_cpp */ = {
			isa = PBXNativeTarget;
			buildConfigurationList = 7DBEB8D81F0FE8AF00463A2C /* Build configuration list for PBXNativeTarget "Algorith_cpp" */;
			buildPhases = (
				7DBEB8CD1F0FE8AF00463A2C /* Sources */,
				7DBEB8CE1F0FE8AF00463A2C /* Frameworks */,
				7DBEB8CF1F0FE8AF00463A2C /* CopyFiles */,
			);
			buildRules = (
			);
			dependencies = (
			);
			name = Algorith_cpp;
			productName = Algorith_cpp;
			productReference = 7DBEB8D11F0FE8AF00463A2C /* Algorith_cpp */;
			productType = "com.apple.product-type.tool";
		};
/* End PBXNativeTarget section */

/* Begin PBXProject section */
		7DBEB8C91F0FE8AF00463A2C /* Project object */ = {
			isa = PBXProject;
			attributes = {
				LastUpgradeCheck = 0830;
				ORGANIZATIONNAME = com.lottery.www;
				TargetAttributes = {
					7DBEB8D01F0FE8AF00463A2C = {
						CreatedOnToolsVersion = 8.3.3;
						ProvisioningStyle = Automatic;
					};
				};
			};
			buildConfigurationList = 7DBEB8CC1F0FE8AF00463A2C /* Build configuration list for PBXProject "Algorith_cpp" */;
			compatibilityVersion = "Xcode 3.2";
			developmentRegion = English;
			hasScannedForEncodings = 0;
			knownRegions = (
				en,
			);
			mainGroup = 7DBEB8C81F0FE8AF00463A2C;
			productRefGroup = 7DBEB8D21F0FE8AF00463A2C /* Products */;
			projectDirPath = "";
			projectRoot = "";
			targets = (
				7DBEB8D01F0FE8AF00463A2C /* Algorith_cpp */,
			);
		};
/* End PBXProject section */

/* Begin PBXSourcesBuildPhase section */
		7DBEB8CD1F0FE8AF00463A2C /* Sources */ = {
			isa = PBXSourcesBuildPhase;
			buildActionMask = 2147483647;
			files = (
				7D36AAD61F37789400487213 /* Cat.cpp in Sources */,
				07A2FE5B202991C30064C5D6 /* TwoListPlus.cpp in Sources */,
				7DBEB8D51F0FE8AF00463A2C /* main.cpp in Sources */,
				7D9C98991F33769C000856BD /* Dog.cpp in Sources */,
				7D9C98931F337471000856BD /* CatDogQueue.cpp in Sources */,
				07E62D45201B12B000A81145 /* InsertSort.cpp in Sources */,
				7DF9E9BC1F30CC840069B1F5 /* TwoStackQueue.cpp in Sources */,
				07DF60C22024378D00847D82 /* IsPalindrome.cpp in Sources */,
				07A2FE5E2029AA120064C5D6 /* CrossList.cpp in Sources */,
				07DF60BC202307DE00847D82 /* ReverseList.cpp in Sources */,
				07DF60B9202301BD00847D82 /* RemoveByRatio.cpp in Sources */,
				07E62D4B201B293500A81145 /* utils.cpp in Sources */,
				079798E420A1ACD800F5B6FE /* ReveseKNode.cpp in Sources */,
				07DF60BF2024106100847D82 /* JosephusKillOne.cpp in Sources */,
				079798E720A2F22500F5B6FE /* RemoveNoOrderRepeatNode.cpp in Sources */,
				07DF60AD2022D84500847D82 /* SortedListPublicNode.cpp in Sources */,
				07DF609E2021666700847D82 /* TwoStackSort.cpp in Sources */,
				07DF609720204FAD00847D82 /* HeapSort.cpp in Sources */,
				7D9C98961F33747A000856BD /* Pet.cpp in Sources */,
				07DF609A202068B900847D82 /* QuickSort.cpp in Sources */,
				07DF60A12021A4D900847D82 /* MaxWindow.cpp in Sources */,
				07DF60B02022E0A300847D82 /* removeListNodeLastK.cpp in Sources */,
				7D5911A61F20F199002DF19C /* MinStack.cpp in Sources */,
				079798EA20A3006E00F5B6FE /* RemoveEqualNumNode.cpp in Sources */,
				07E62D48201B239000A81145 /* MergeSort.cpp in Sources */,
				7DF9E9BF1F30D6A60069B1F5 /* ReverseStackByRecursion.cpp in Sources */,
				07DF60C52024604A00847D82 /* CopyListWithRand.cpp in Sources */,
				07DF60B32022F4FF00847D82 /* removeMidNode.cpp in Sources */,
				07DF60A52021B95900847D82 /* Node.cpp in Sources */,
			);
			runOnlyForDeploymentPostprocessing = 0;
		};
/* End PBXSourcesBuildPhase section */

/* Begin XCBuildConfiguration section */
		7DBEB8D61F0FE8AF00463A2C /* Debug */ = {
			isa = XCBuildConfiguration;
			buildSettings = {
				ALWAYS_SEARCH_USER_PATHS = NO;
				CLANG_ANALYZER_NONNULL = YES;
				CLANG_ANALYZER_NUMBER_OBJECT_CONVERSION = YES_AGGRESSIVE;
				CLANG_CXX_LANGUAGE_STANDARD = "gnu++0x";
				CLANG_CXX_LIBRARY = "libc++";
				CLANG_ENABLE_MODULES = YES;
				CLANG_ENABLE_OBJC_ARC = YES;
				CLANG_WARN_BOOL_CONVERSION = YES;
				CLANG_WARN_CONSTANT_CONVERSION = YES;
				CLANG_WARN_DIRECT_OBJC_ISA_USAGE = YES_ERROR;
				CLANG_WARN_DOCUMENTATION_COMMENTS = YES;
				CLANG_WARN_EMPTY_BODY = YES;
				CLANG_WARN_ENUM_CONVERSION = YES;
				CLANG_WARN_INFINITE_RECURSION = YES;
				CLANG_WARN_INT_CONVERSION = YES;
				CLANG_WARN_OBJC_ROOT_CLASS = YES_ERROR;
				CLANG_WARN_SUSPICIOUS_MOVE = YES;
				CLANG_WARN_UNREACHABLE_CODE = YES;
				CLANG_WARN__DUPLICATE_METHOD_MATCH = YES;
				CODE_SIGN_IDENTITY = "-";
				COPY_PHASE_STRIP = NO;
				DEBUG_INFORMATION_FORMAT = dwarf;
				ENABLE_STRICT_OBJC_MSGSEND = YES;
				ENABLE_TESTABILITY = YES;
				GCC_C_LANGUAGE_STANDARD = gnu99;
				GCC_DYNAMIC_NO_PIC = NO;
				GCC_NO_COMMON_BLOCKS = YES;
				GCC_OPTIMIZATION_LEVEL = 0;
				GCC_PREPROCESSOR_DEFINITIONS = (
					"DEBUG=1",
					"$(inherited)",
				);
				GCC_WARN_64_TO_32_BIT_CONVERSION = YES;
				GCC_WARN_ABOUT_RETURN_TYPE = YES_ERROR;
				GCC_WARN_UNDECLARED_SELECTOR = YES;
				GCC_WARN_UNINITIALIZED_AUTOS = YES_AGGRESSIVE;
				GCC_WARN_UNUSED_FUNCTION = YES;
				GCC_WARN_UNUSED_VARIABLE = YES;
				MACOSX_DEPLOYMENT_TARGET = 10.12;
				MTL_ENABLE_DEBUG_INFO = YES;
				ONLY_ACTIVE_ARCH = YES;
				SDKROOT = macosx;
			};
			name = Debug;
		};
		7DBEB8D71F0FE8AF00463A2C /* Release */ = {
			isa = XCBuildConfiguration;
			buildSettings = {
				ALWAYS_SEARCH_USER_PATHS = NO;
				CLANG_ANALYZER_NONNULL = YES;
				CLANG_ANALYZER_NUMBER_OBJECT_CONVERSION = YES_AGGRESSIVE;
				CLANG_CXX_LANGUAGE_STANDARD = "gnu++0x";
				CLANG_CXX_LIBRARY = "libc++";
				CLANG_ENABLE_MODULES = YES;
				CLANG_ENABLE_OBJC_ARC = YES;
				CLANG_WARN_BOOL_CONVERSION = YES;
				CLANG_WARN_CONSTANT_CONVERSION = YES;
				CLANG_WARN_DIRECT_OBJC_ISA_USAGE = YES_ERROR;
				CLANG_WARN_DOCUMENTATION_COMMENTS = YES;
				CLANG_WARN_EMPTY_BODY = YES;
				CLANG_WARN_ENUM_CONVERSION = YES;
				CLANG_WARN_INFINITE_RECURSION = YES;
				CLANG_WARN_INT_CONVERSION = YES;
				CLANG_WARN_OBJC_ROOT_CLASS = YES_ERROR;
				CLANG_WARN_SUSPICIOUS_MOVE = YES;
				CLANG_WARN_UNREACHABLE_CODE = YES;
				CLANG_WARN__DUPLICATE_METHOD_MATCH = YES;
				CODE_SIGN_IDENTITY = "-";
				COPY_PHASE_STRIP = NO;
				DEBUG_INFORMATION_FORMAT = "dwarf-with-dsym";
				ENABLE_NS_ASSERTIONS = NO;
				ENABLE_STRICT_OBJC_MSGSEND = YES;
				GCC_C_LANGUAGE_STANDARD = gnu99;
				GCC_NO_COMMON_BLOCKS = YES;
				GCC_WARN_64_TO_32_BIT_CONVERSION = YES;
				GCC_WARN_ABOUT_RETURN_TYPE = YES_ERROR;
				GCC_WARN_UNDECLARED_SELECTOR = YES;
				GCC_WARN_UNINITIALIZED_AUTOS = YES_AGGRESSIVE;
				GCC_WARN_UNUSED_FUNCTION = YES;
				GCC_WARN_UNUSED_VARIABLE = YES;
				MACOSX_DEPLOYMENT_TARGET = 10.12;
				MTL_ENABLE_DEBUG_INFO = NO;
				SDKROOT = macosx;
			};
			name = Release;
		};
		7DBEB8D91F0FE8AF00463A2C /* Debug */ = {
			isa = XCBuildConfiguration;
			buildSettings = {
				CLANG_CXX_LIBRARY = "libc++";
				OTHER_CPLUSPLUSFLAGS = "$(OTHER_CFLAGS)";
				PRODUCT_NAME = "$(TARGET_NAME)";
			};
			name = Debug;
		};
		7DBEB8DA1F0FE8AF00463A2C /* Release */ = {
			isa = XCBuildConfiguration;
			buildSettings = {
				CLANG_CXX_LIBRARY = "libc++";
				OTHER_CPLUSPLUSFLAGS = "$(OTHER_CFLAGS)";
				PRODUCT_NAME = "$(TARGET_NAME)";
			};
			name = Release;
		};
/* End XCBuildConfiguration section */

/* Begin XCConfigurationList section */
		7DBEB8CC1F0FE8AF00463A2C /* Build configuration list for PBXProject "Algorith_cpp" */ = {
			isa = XCConfigurationList;
			buildConfigurations = (
				7DBEB8D61F0FE8AF00463A2C /* Debug */,
				7DBEB8D71F0FE8AF00463A2C /* Release */,
			);
			defaultConfigurationIsVisible = 0;
			defaultConfigurationName = Release;
		};
		7DBEB8D81F0FE8AF00463A2C /* Build configuration list for PBXNativeTarget "Algorith_cpp" */ = {
			isa = XCConfigurationList;
			buildConfigurations = (
				7DBEB8D91F0FE8AF00463A2C /* Debug */,
				7DBEB8DA1F0FE8AF00463A2C /* Release */,
			);
			defaultConfigurationIsVisible = 0;
			defaultConfigurationName = Release;
		};
/* End XCConfigurationList section */
	};
	rootObject = 7DBEB8C91F0FE8AF00463A2C /* Project object */;
}
