// !$*UTF8*$!
{
	archiveVersion = 1;
	classes = {
	};
	objectVersion = 46;
	objects = {

/* Begin PBXBuildFile section */
		07E62D45201B12B000A81145 /* InsertSort.cpp in Sources */ = {isa = PBXBuildFile; fileRef = 07E62D43201B12B000A81145 /* InsertSort.cpp */; };
		07E62D48201B239000A81145 /* MergeSort.cpp in Sources */ = {isa = PBXBuildFile; fileRef = 07E62D46201B239000A81145 /* MergeSort.cpp */; };
		07E62D4B201B293500A81145 /* utils.cpp in Sources */ = {isa = PBXBuildFile; fileRef = 07E62D49201B293500A81145 /* utils.cpp */; };
		7D36AAD61F37789400487213 /* Cat.cpp in Sources */ = {isa = PBXBuildFile; fileRef = 7D36AAD41F37789400487213 /* Cat.cpp */; };
		7D5911A61F20F199002DF19C /* MinStack.cpp in Sources */ = {isa = PBXBuildFile; fileRef = 7D5911A41F20F199002DF19C /* MinStack.cpp */; };
		7D9C98931F337471000856BD /* CatDogQueue.cpp in Sources */ = {isa = PBXBuildFile; fileRef = 7D9C98911F337471000856BD /* CatDogQueue.cpp */; };
		7D9C98961F33747A000856BD /* Pet.cpp in Sources */ = {isa = PBXBuildFile; fileRef = 7D9C98941F33747A000856BD /* Pet.cpp */; };
		7D9C98991F33769C000856BD /* Dog.cpp in Sources */ = {isa = PBXBuildFile; fileRef = 7D9C98971F33769C000856BD /* Dog.cpp */; };
		7DBEB8D51F0FE8AF00463A2C /* main.cpp in Sources */ = {isa = PBXBuildFile; fileRef = 7DBEB8D41F0FE8AF00463A2C /* main.cpp */; };
		7DF9E9BC1F30CC840069B1F5 /* TwoStackQueue.cpp in Sources */ = {isa = PBXBuildFile; fileRef = 7DF9E9BA1F30CC840069B1F5 /* TwoStackQueue.cpp */; };
		7DF9E9BF1F30D6A60069B1F5 /* ReverseStackByRecursion.cpp in Sources */ = {isa = PBXBuildFile; fileRef = 7DF9E9BD1F30D6A60069B1F5 /* ReverseStackByRecursion.cpp */; };
/* End PBXBuildFile section */

/* Begin PBXCopyFilesBuildPhase section */
		7DBEB8CF1F0FE8AF00463A2C /* CopyFiles */ = {
			isa = PBXCopyFilesBuildPhase;
			buildActionMask = 2147483647;
			dstPath = /usr/share/man/man1/;
			dstSubfolderSpec = 0;
			files = (
			);
			runOnlyForDeploymentPostprocessing = 1;
		};
/* End PBXCopyFilesBuildPhase section */

/* Begin PBXFileReference section */
		07E62D43201B12B000A81145 /* InsertSort.cpp */ = {isa = PBXFileReference; lastKnownFileType = sourcecode.cpp.cpp; path = InsertSort.cpp; sourceTree = "<group>"; };
		07E62D44201B12B000A81145 /* InsertSort.hpp */ = {isa = PBXFileReference; lastKnownFileType = sourcecode.cpp.h; path = InsertSort.hpp; sourceTree = "<group>"; };
		07E62D46201B239000A81145 /* MergeSort.cpp */ = {isa = PBXFileReference; lastKnownFileType = sourcecode.cpp.cpp; path = MergeSort.cpp; sourceTree = "<group>"; };
		07E62D47201B239000A81145 /* MergeSort.hpp */ = {isa = PBXFileReference; lastKnownFileType = sourcecode.cpp.h; path = MergeSort.hpp; sourceTree = "<group>"; };
		07E62D49201B293500A81145 /* utils.cpp */ = {isa = PBXFileReference; lastKnownFileType = sourcecode.cpp.cpp; path = utils.cpp; sourceTree = "<group>"; };
		07E62D4A201B293500A81145 /* utils.hpp */ = {isa = PBXFileReference; lastKnownFileType = sourcecode.cpp.h; path = utils.hpp; sourceTree = "<group>"; };
		7D36AAD41F37789400487213 /* Cat.cpp */ = {isa = PBXFileReference; fileEncoding = 4; lastKnownFileType = sourcecode.cpp.cpp; path = Cat.cpp; sourceTree = "<group>"; };
		7D36AAD51F37789400487213 /* Cat.hpp */ = {isa = PBXFileReference; fileEncoding = 4; lastKnownFileType = sourcecode.cpp.h; path = Cat.hpp; sourceTree = "<group>"; };
		7D5911A41F20F199002DF19C /* MinStack.cpp */ = {isa = PBXFileReference; fileEncoding = 4; lastKnownFileType = sourcecode.cpp.cpp; path = MinStack.cpp; sourceTree = "<group>"; };
		7D5911A51F20F199002DF19C /* MinStack.hpp */ = {isa = PBXFileReference; fileEncoding = 4; lastKnownFileType = sourcecode.cpp.h; path = MinStack.hpp; sourceTree = "<group>"; };
		7D9C98911F337471000856BD /* CatDogQueue.cpp */ = {isa = PBXFileReference; fileEncoding = 4; lastKnownFileType = sourcecode.cpp.cpp; path = CatDogQueue.cpp; sourceTree = "<group>"; };
		7D9C98921F337471000856BD /* CatDogQueue.hpp */ = {isa = PBXFileReference; fileEncoding = 4; lastKnownFileType = sourcecode.cpp.h; path = CatDogQueue.hpp; sourceTree = "<group>"; };
		7D9C98941F33747A000856BD /* Pet.cpp */ = {isa = PBXFileReference; fileEncoding = 4; lastKnownFileType = sourcecode.cpp.cpp; path = Pet.cpp; sourceTree = "<group>"; };
		7D9C98951F33747A000856BD /* Pet.hpp */ = {isa = PBXFileReference; fileEncoding = 4; lastKnownFileType = sourcecode.cpp.h; path = Pet.hpp; sourceTree = "<group>"; };
		7D9C98971F33769C000856BD /* Dog.cpp */ = {isa = PBXFileReference; fileEncoding = 4; lastKnownFileType = sourcecode.cpp.cpp; path = Dog.cpp; sourceTree = "<group>"; };
		7D9C98981F33769C000856BD /* Dog.hpp */ = {isa = PBXFileReference; fileEncoding = 4; lastKnownFileType = sourcecode.cpp.h; path = Dog.hpp; sourceTree = "<group>"; };
		7DBEB8D11F0FE8AF00463A2C /* Algorith_cpp */ = {isa = PBXFileReference; explicitFileType = "compiled.mach-o.executable"; includeInIndex = 0; path = Algorith_cpp; sourceTree = BUILT_PRODUCTS_DIR; };
		7DBEB8D41F0FE8AF00463A2C /* main.cpp */ = {isa = PBXFileReference; lastKnownFileType = sourcecode.cpp.cpp; path = main.cpp; sourceTree = "<group>"; };
		7DF9E9BA1F30CC840069B1F5 /* TwoStackQueue.cpp */ = {isa = PBXFileReference; fileEncoding = 4; lastKnownFileType = sourcecode.cpp.cpp; path = TwoStackQueue.cpp; sourceTree = "<group>"; };
		7DF9E9BB1F30CC840069B1F5 /* TwoStackQueue.hpp */ = {isa = PBXFileReference; fileEncoding = 4; lastKnownFileType = sourcecode.cpp.h; path = TwoStackQueue.hpp; sourceTree = "<group>"; };
		7DF9E9BD1F30D6A60069B1F5 /* ReverseStackByRecursion.cpp */ = {isa = PBXFileReference; fileEncoding = 4; lastKnownFileType = sourcecode.cpp.cpp; path = ReverseStackByRecursion.cpp; sourceTree = "<group>"; };
		7DF9E9BE1F30D6A60069B1F5 /* ReverseStackByRecursion.hpp */ = {isa = PBXFileReference; fileEncoding = 4; lastKnownFileType = sourcecode.cpp.h; path = ReverseStackByRecursion.hpp; sourceTree = "<group>"; };
/* End PBXFileReference section */

/* Begin PBXFrameworksBuildPhase section */
		7DBEB8CE1F0FE8AF00463A2C /* Frameworks */ = {
			isa = PBXFrameworksBuildPhase;
			buildActionMask = 2147483647;
			files = (
			);
			runOnlyForDeploymentPostprocessing = 0;
		};
/* End PBXFrameworksBuildPhase section */

/* Begin PBXGroup section */
		07E62D40201B124E00A81145 /* Sort */ = {
			isa = PBXGroup;
			children = (
				07E62D43201B12B000A81145 /* InsertSort.cpp */,
				07E62D44201B12B000A81145 /* InsertSort.hpp */,
				07E62D46201B239000A81145 /* MergeSort.cpp */,
				07E62D47201B239000A81145 /* MergeSort.hpp */,
			);
			path = Sort;
			sourceTree = "<group>";
		};
		7D9C98901F337471000856BD /* CatDogQueueAbout */ = {
			isa = PBXGroup;
			children = (
				7D9C98911F337471000856BD /* CatDogQueue.cpp */,
				7D9C98921F337471000856BD /* CatDogQueue.hpp */,
				7D9C98941F33747A000856BD /* Pet.cpp */,
				7D9C98951F33747A000856BD /* Pet.hpp */,
				7D9C98971F33769C000856BD /* Dog.cpp */,
				7D9C98981F33769C000856BD /* Dog.hpp */,
				7D36AAD41F37789400487213 /* Cat.cpp */,
				7D36AAD51F37789400487213 /* Cat.hpp */,
			);
			path = CatDogQueueAbout;
			sourceTree = "<group>";
		};
		7DBEB8C81F0FE8AF00463A2C = {
			isa = PBXGroup;
			children = (
				7DBEB8D31F0FE8AF00463A2C /* Algorith_cpp */,
				7DBEB8D21F0FE8AF00463A2C /* Products */,
			);
			sourceTree = "<group>";
		};
		7DBEB8D21F0FE8AF00463A2C /* Products */ = {
			isa = PBXGroup;
			children = (
				7DBEB8D11F0FE8AF00463A2C /* Algorith_cpp */,
			);
			name = Products;
			sourceTree = "<group>";
		};
		7DBEB8D31F0FE8AF00463A2C /* Algorith_cpp */ = {
			isa = PBXGroup;
			children = (
				07E62D40201B124E00A81145 /* Sort */,
				7D9C98901F337471000856BD /* CatDogQueueAbout */,
				7DBEB8D41F0FE8AF00463A2C /* main.cpp */,
				7DF9E9BD1F30D6A60069B1F5 /* ReverseStackByRecursion.cpp */,
				7DF9E9BE1F30D6A60069B1F5 /* ReverseStackByRecursion.hpp */,
				7DF9E9BA1F30CC840069B1F5 /* TwoStackQueue.cpp */,
				7DF9E9BB1F30CC840069B1F5 /* TwoStackQueue.hpp */,
				7D5911A41F20F199002DF19C /* MinStack.cpp */,
				7D5911A51F20F199002DF19C /* MinStack.hpp */,
				07E62D49201B293500A81145 /* utils.cpp */,
				07E62D4A201B293500A81145 /* utils.hpp */,
			);
			path = Algorith_cpp;
			sourceTree = "<group>";
		};
/* End PBXGroup section */

/* Begin PBXNativeTarget section */
		7DBEB8D01F0FE8AF00463A2C /* Algorith_cpp */ = {
			isa = PBXNativeTarget;
			buildConfigurationList = 7DBEB8D81F0FE8AF00463A2C /* Build configuration list for PBXNativeTarget "Algorith_cpp" */;
			buildPhases = (
				7DBEB8CD1F0FE8AF00463A2C /* Sources */,
				7DBEB8CE1F0FE8AF00463A2C /* Frameworks */,
				7DBEB8CF1F0FE8AF00463A2C /* CopyFiles */,
			);
			buildRules = (
			);
			dependencies = (
			);
			name = Algorith_cpp;
			productName = Algorith_cpp;
			productReference = 7DBEB8D11F0FE8AF00463A2C /* Algorith_cpp */;
			productType = "com.apple.product-type.tool";
		};
/* End PBXNativeTarget section */

/* Begin PBXProject section */
		7DBEB8C91F0FE8AF00463A2C /* Project object */ = {
			isa = PBXProject;
			attributes = {
				LastUpgradeCheck = 0830;
				ORGANIZATIONNAME = com.lottery.www;
				TargetAttributes = {
					7DBEB8D01F0FE8AF00463A2C = {
						CreatedOnToolsVersion = 8.3.3;
						ProvisioningStyle = Automatic;
					};
				};
			};
			buildConfigurationList = 7DBEB8CC1F0FE8AF00463A2C /* Build configuration list for PBXProject "Algorith_cpp" */;
			compatibilityVersion = "Xcode 3.2";
			developmentRegion = English;
			hasScannedForEncodings = 0;
			knownRegions = (
				en,
			);
			mainGroup = 7DBEB8C81F0FE8AF00463A2C;
			productRefGroup = 7DBEB8D21F0FE8AF00463A2C /* Products */;
			projectDirPath = "";
			projectRoot = "";
			targets = (
				7DBEB8D01F0FE8AF00463A2C /* Algorith_cpp */,
			);
		};
/* End PBXProject section */

/* Begin PBXSourcesBuildPhase section */
		7DBEB8CD1F0FE8AF00463A2C /* Sources */ = {
			isa = PBXSourcesBuildPhase;
			buildActionMask = 2147483647;
			files = (
				7D36AAD61F37789400487213 /* Cat.cpp in Sources */,
				7DBEB8D51F0FE8AF00463A2C /* main.cpp in Sources */,
				7D9C98991F33769C000856BD /* Dog.cpp in Sources */,
				7D9C98931F337471000856BD /* CatDogQueue.cpp in Sources */,
				07E62D45201B12B000A81145 /* InsertSort.cpp in Sources */,
				7DF9E9BC1F30CC840069B1F5 /* TwoStackQueue.cpp in Sources */,
				07E62D4B201B293500A81145 /* utils.cpp in Sources */,
				7D9C98961F33747A000856BD /* Pet.cpp in Sources */,
				7D5911A61F20F199002DF19C /* MinStack.cpp in Sources */,
				07E62D48201B239000A81145 /* MergeSort.cpp in Sources */,
				7DF9E9BF1F30D6A60069B1F5 /* ReverseStackByRecursion.cpp in Sources */,
			);
			runOnlyForDeploymentPostprocessing = 0;
		};
/* End PBXSourcesBuildPhase section */

/* Begin XCBuildConfiguration section */
		7DBEB8D61F0FE8AF00463A2C /* Debug */ = {
			isa = XCBuildConfiguration;
			buildSettings = {
				ALWAYS_SEARCH_USER_PATHS = NO;
				CLANG_ANALYZER_NONNULL = YES;
				CLANG_ANALYZER_NUMBER_OBJECT_CONVERSION = YES_AGGRESSIVE;
				CLANG_CXX_LANGUAGE_STANDARD = "gnu++0x";
				CLANG_CXX_LIBRARY = "libc++";
				CLANG_ENABLE_MODULES = YES;
				CLANG_ENABLE_OBJC_ARC = YES;
				CLANG_WARN_BOOL_CONVERSION = YES;
				CLANG_WARN_CONSTANT_CONVERSION = YES;
				CLANG_WARN_DIRECT_OBJC_ISA_USAGE = YES_ERROR;
				CLANG_WARN_DOCUMENTATION_COMMENTS = YES;
				CLANG_WARN_EMPTY_BODY = YES;
				CLANG_WARN_ENUM_CONVERSION = YES;
				CLANG_WARN_INFINITE_RECURSION = YES;
				CLANG_WARN_INT_CONVERSION = YES;
				CLANG_WARN_OBJC_ROOT_CLASS = YES_ERROR;
				CLANG_WARN_SUSPICIOUS_MOVE = YES;
				CLANG_WARN_UNREACHABLE_CODE = YES;
				CLANG_WARN__DUPLICATE_METHOD_MATCH = YES;
				CODE_SIGN_IDENTITY = "-";
				COPY_PHASE_STRIP = NO;
				DEBUG_INFORMATION_FORMAT = dwarf;
				ENABLE_STRICT_OBJC_MSGSEND = YES;
				ENABLE_TESTABILITY = YES;
				GCC_C_LANGUAGE_STANDARD = gnu99;
				GCC_DYNAMIC_NO_PIC = NO;
				GCC_NO_COMMON_BLOCKS = YES;
				GCC_OPTIMIZATION_LEVEL = 0;
				GCC_PREPROCESSOR_DEFINITIONS = (
					"DEBUG=1",
					"$(inherited)",
				);
				GCC_WARN_64_TO_32_BIT_CONVERSION = YES;
				GCC_WARN_ABOUT_RETURN_TYPE = YES_ERROR;
				GCC_WARN_UNDECLARED_SELECTOR = YES;
				GCC_WARN_UNINITIALIZED_AUTOS = YES_AGGRESSIVE;
				GCC_WARN_UNUSED_FUNCTION = YES;
				GCC_WARN_UNUSED_VARIABLE = YES;
				MACOSX_DEPLOYMENT_TARGET = 10.12;
				MTL_ENABLE_DEBUG_INFO = YES;
				ONLY_ACTIVE_ARCH = YES;
				SDKROOT = macosx;
			};
			name = Debug;
		};
		7DBEB8D71F0FE8AF00463A2C /* Release */ = {
			isa = XCBuildConfiguration;
			buildSettings = {
				ALWAYS_SEARCH_USER_PATHS = NO;
				CLANG_ANALYZER_NONNULL = YES;
				CLANG_ANALYZER_NUMBER_OBJECT_CONVERSION = YES_AGGRESSIVE;
				CLANG_CXX_LANGUAGE_STANDARD = "gnu++0x";
				CLANG_CXX_LIBRARY = "libc++";
				CLANG_ENABLE_MODULES = YES;
				CLANG_ENABLE_OBJC_ARC = YES;
				CLANG_WARN_BOOL_CONVERSION = YES;
				CLANG_WARN_CONSTANT_CONVERSION = YES;
				CLANG_WARN_DIRECT_OBJC_ISA_USAGE = YES_ERROR;
				CLANG_WARN_DOCUMENTATION_COMMENTS = YES;
				CLANG_WARN_EMPTY_BODY = YES;
				CLANG_WARN_ENUM_CONVERSION = YES;
				CLANG_WARN_INFINITE_RECURSION = YES;
				CLANG_WARN_INT_CONVERSION = YES;
				CLANG_WARN_OBJC_ROOT_CLASS = YES_ERROR;
				CLANG_WARN_SUSPICIOUS_MOVE = YES;
				CLANG_WARN_UNREACHABLE_CODE = YES;
				CLANG_WARN__DUPLICATE_METHOD_MATCH = YES;
				CODE_SIGN_IDENTITY = "-";
				COPY_PHASE_STRIP = NO;
				DEBUG_INFORMATION_FORMAT = "dwarf-with-dsym";
				ENABLE_NS_ASSERTIONS = NO;
				ENABLE_STRICT_OBJC_MSGSEND = YES;
				GCC_C_LANGUAGE_STANDARD = gnu99;
				GCC_NO_COMMON_BLOCKS = YES;
				GCC_WARN_64_TO_32_BIT_CONVERSION = YES;
				GCC_WARN_ABOUT_RETURN_TYPE = YES_ERROR;
				GCC_WARN_UNDECLARED_SELECTOR = YES;
				GCC_WARN_UNINITIALIZED_AUTOS = YES_AGGRESSIVE;
				GCC_WARN_UNUSED_FUNCTION = YES;
				GCC_WARN_UNUSED_VARIABLE = YES;
				MACOSX_DEPLOYMENT_TARGET = 10.12;
				MTL_ENABLE_DEBUG_INFO = NO;
				SDKROOT = macosx;
			};
			name = Release;
		};
		7DBEB8D91F0FE8AF00463A2C /* Debug */ = {
			isa = XCBuildConfiguration;
			buildSettings = {
				CLANG_CXX_LIBRARY = "libc++";
				OTHER_CPLUSPLUSFLAGS = "$(OTHER_CFLAGS)";
				PRODUCT_NAME = "$(TARGET_NAME)";
			};
			name = Debug;
		};
		7DBEB8DA1F0FE8AF00463A2C /* Release */ = {
			isa = XCBuildConfiguration;
			buildSettings = {
				CLANG_CXX_LIBRARY = "libc++";
				OTHER_CPLUSPLUSFLAGS = "$(OTHER_CFLAGS)";
				PRODUCT_NAME = "$(TARGET_NAME)";
			};
			name = Release;
		};
/* End XCBuildConfiguration section */

/* Begin XCConfigurationList section */
		7DBEB8CC1F0FE8AF00463A2C /* Build configuration list for PBXProject "Algorith_cpp" */ = {
			isa = XCConfigurationList;
			buildConfigurations = (
				7DBEB8D61F0FE8AF00463A2C /* Debug */,
				7DBEB8D71F0FE8AF00463A2C /* Release */,
			);
			defaultConfigurationIsVisible = 0;
			defaultConfigurationName = Release;
		};
		7DBEB8D81F0FE8AF00463A2C /* Build configuration list for PBXNativeTarget "Algorith_cpp" */ = {
			isa = XCConfigurationList;
			buildConfigurations = (
				7DBEB8D91F0FE8AF00463A2C /* Debug */,
				7DBEB8DA1F0FE8AF00463A2C /* Release */,
			);
			defaultConfigurationIsVisible = 0;
			defaultConfigurationName = Release;
		};
/* End XCConfigurationList section */
	};
	rootObject = 7DBEB8C91F0FE8AF00463A2C /* Project object */;
}
